
Microsoft Visual Studio Solution File, Format Version 12.00
# Visual Studio Version 17
VisualStudioVersion = 17.9.34728.123
MinimumVisualStudioVersion = 10.0.40219.1
Project("{9A19103F-16F7-4668-BE54-9A1E7A4F7556}") = "BackEnd", "BackEnd\BackEnd.csproj", "{232C1020-1418-49CF-9BB1-F271D5DF524F}"
EndProject
Project("{9A19103F-16F7-4668-BE54-9A1E7A4F7556}") = "ConferenceDTO", "ConferenceDTO\ConferenceDTO.csproj", "{1775548B-33F7-44D1-A0A4-AE259C474B2D}"
EndProject
Project("{9A19103F-16F7-4668-BE54-9A1E7A4F7556}") = "FrontEnd", "FrontEnd\FrontEnd.csproj", "{A320CFD3-2E33-4AB9-B68A-9249A66BFADE}"
EndProject
Global
	GlobalSection(SolutionConfigurationPlatforms) = preSolution
		Debug|Any CPU = Debug|Any CPU
		Release|Any CPU = Release|Any CPU
	EndGlobalSection
	GlobalSection(ProjectConfigurationPlatforms) = postSolution
		{232C1020-1418-49CF-9BB1-F271D5DF524F}.Debug|Any CPU.ActiveCfg = Debug|Any CPU
		{232C1020-1418-49CF-9BB1-F271D5DF524F}.Debug|Any CPU.Build.0 = Debug|Any CPU
		{232C1020-1418-49CF-9BB1-F271D5DF524F}.Release|Any CPU.ActiveCfg = Release|Any CPU
		{232C1020-1418-49CF-9BB1-F271D5DF524F}.Release|Any CPU.Build.0 = Release|Any CPU
		{1775548B-33F7-44D1-A0A4-AE259C474B2D}.Debug|Any CPU.ActiveCfg = Debug|Any CPU
		{1775548B-33F7-44D1-A0A4-AE259C474B2D}.Debug|Any CPU.Build.0 = Debug|Any CPU
		{1775548B-33F7-44D1-A0A4-AE259C474B2D}.Release|Any CPU.ActiveCfg = Release|Any CPU
		{1775548B-33F7-44D1-A0A4-AE259C474B2D}.Release|Any CPU.Build.0 = Release|Any CPU
		{A320CFD3-2E33-4AB9-B68A-9249A66BFADE}.Debug|Any CPU.ActiveCfg = Debug|Any CPU
		{A320CFD3-2E33-4AB9-B68A-9249A66BFADE}.Debug|Any CPU.Build.0 = Debug|Any CPU
		{A320CFD3-2E33-4AB9-B68A-9249A66BFADE}.Release|Any CPU.ActiveCfg = Release|Any CPU
		{A320CFD3-2E33-4AB9-B68A-9249A66BFADE}.Release|Any CPU.Build.0 = Release|Any CPU
	EndGlobalSection
	GlobalSection(SolutionProperties) = preSolution
		HideSolutionNode = FALSE
	EndGlobalSection
	GlobalSection(ExtensibilityGlobals) = postSolution
		SolutionGuid = {9FD06889-461F-478C-9900-1EF196F92E89}
	EndGlobalSection
EndGlobal
